cloud.google.com/go v0.123.0 h1:2NAUJwPR47q+E35uaJeYoNhuNEM9kM8SjgRgdeOJUSE=
cloud.google.com/go v0.123.0/go.mod h1:xBoMV08QcqUGuPW65Qfm1o9Y4zKZBpGS+7bImXLTAZU=
github.com/MarkRosemaker/errpath v0.0.0-20260927002519-ea91ded6510b h1:2HP0o6VM40ZbG702fA0dyvkjmlESI3GHEzD4IfBWKh4=
github.com/MarkRosemaker/errpath v0.0.0-20260927002519-ea91ded6510b/go.mod h1:VnXpUlsS3n1gSToedcQl2FCARGoA16CyitbCanUIv+I=
github.com/MarkRosemaker/json2yaml v0.0.0-20260927002518-d396efaa579a h1:Gkjbtc4DS+vctMw60dvAH0bqXR8T0xDuPuppzN0iZys=
github.com/MarkRosemaker/json2yaml v0.0.0-20260927002518-d396efaa579a/go.mod h1:eUwIjjooIESK1Ymw4bbMdSDF6feAblyZjxyoo5o/W6U=
github.com/MarkRosemaker/jsonutil v0.0.0-20260927002520-22c3589e7b1e h1:hM6/8KztQMhZ8mSMQ+2z9VGjyAU2zNRemchc1Uu3ses=
github.com/MarkRosemaker/jsonutil v0.0.0-20260927002520-22c3589e7b1e/go.mod h1:SzjJlgYFlzpbFGvUUoQgfEsWlbai63bvhDPK8J0MNYM=
github.com/MarkRosemaker/openapi v0.0.0-20260927002558-04ff8689cfeb h1:5wp69j5Xavw79nWeNuFEAC7JIZH0J0tgGxByu1ILdyA=
github.com/MarkRosemaker/openapi v0.0.0-20260927002558-04ff8689cfeb/go.mod h1:5KjXrd5L9oxb5s8RGC9Be6clpv0eMTtwH7a5stVq29g=
github.com/MarkRosemaker/openapi-codegen v0.0.0-20260926235137-bdf76ad63aa7 h1:e64t92sYQ7zHxZ3asqEOClaVdnjqLwjTAHqQrxFniwY=
github.com/MarkRosemaker/openapi-codegen v0.0.0-20260926235137-bdf76ad63aa7/go.mod h1:t5ffHzcN3qv5iSC7tDRetZNcxBlzrGurTdn2q95p++w=
github.com/MarkRosemaker/openapi-compare v0.0.0-20260927002636-fb649aa148d6 h1:XrIfO4+WxBopz6jM0ZCSDDrOzowiV89WTjttgZxnk3E=
github.com/MarkRosemaker/openapi-compare v0.0.0-20260927002636-fb649aa148d6/go.mod h1:0JrvDK/oN63vM4OtLHS18LCmOUTZJnFgebF8n2/0aUg=
github.com/MarkRosemaker/openapi-compress v0.0.0-20260927040320-395b80516a1b h1:hq+bKBVl3xiLL6EPskzR0XPdYgbMre1pQdx1R11OmqU=
github.com/MarkRosemaker/openapi-compress v0.0.0-20260927040320-395b80516a1b/go.mod h1:jljYCLlqFHoVIiscNSF5EtKlK3PBNK4C0VavkoZUQRk=
github.com/MarkRosemaker/openapi-edit v0.0.0-20260927002636-5c18ec110c91 h1:eQl++udL9s4cR58ErswvQ0RpHqZz5qMiNmtl/80D5lY=
github.com/MarkRosemaker/openapi-edit v0.0.0-20260927002636-5c18ec110c91/go.mod h1:nyJHpiPaoRD0l6r93cBtqngwUpx0jmLdsBd2b2JisLI=
github.com/MarkRosemaker/openapi-enrich v0.0.0-20260927002816-aa40502baf91 h1:VpyZYO/j2P3ryN226YRMtAHSExG8BCGnH+oZjV4my4U=
github.com/MarkRosemaker/openapi-enrich v0.0.0-20260927002816-aa40502baf91/go.mod h1:IacWrOL5I0eeLH7f3MaCrc5oSJtFL2ZL3P0oSzkXnvg=
github.com/MarkRosemaker/openapi-flatten v0.0.0-20260927002658-c36c995e1ff3 h1:dZAIKQTtqEZ9UcoIyVfbWtTeenIaYhgBmQTawGoNG7k=
github.com/MarkRosemaker/openapi-flatten v0.0.0-20260927002658-c36c995e1ff3/go.mod h1:EwizsncUW7+kYRPelHk50TxeEk+OcR3Y5VkapfkwPB0=
github.com/MarkRosemaker/openapi-merge v0.0.0-20260927002636-17ccc366581c h1:4Y/Kf4OJK7C0QU1aey0lpCQOs7zix3tW5FkwgMPZm7E=
github.com/MarkRosemaker/openapi-merge v0.0.0-20260927002636-17ccc366581c/go.mod h1:j9Oichs7v7Pfkp/JoKJ4dvuVZ/lIqbrEimUJpuTnkJ4=
github.com/MarkRosemaker/ordmap v0.0.0-20260927002536-c785c08dbcfe h1:kQmwCS7rjF5iYOghDtorDi1hT+3mOjuV1hbptaRZyQM=
github.com/MarkRosemaker/ordmap v0.0.0-20260927002536-c785c08dbcfe/go.mod h1:DYNVxzhtVI775Iu2xMvQLSaDcWS27OW0clainP9cU/w=
github.com/MarkRosemaker/yaml v0.0.0-20260927002540-064eefdd70e5 h1:mVGAoaaIF9aeRz73byimRqHt11nYWjtyc8FeGouREz0=
github.com/MarkRosemaker/yaml v0.0.0-20260927002540-064eefdd70e5/go.mod h1:mCSn56n6VShcbkmuBI3d0S+pZV5ermdv1k96SPaAsoE=
github.com/MarkRosemaker/yaml2json v0.0.0-20260927002519-d06729274514 h1:BYNMS6HMvDUxw8UI24vOLgNSOVtfcWcWZRHEdK3uJOU=
github.com/MarkRosemaker/yaml2json v0.0.0-20260927002519-d06729274514/go.mod h1:DxNA9SDFrzw+RHsnxjIxjUzHy0I4+3hZg7R13u3SBvE=
github.com/ettle/strcase v0.2.0 h1:fGNiVF21fHXpX1niBgk0aROov1LagYsOwV/xqKDKR/Q=
github.com/ettle/strcase v0.2.0/go.mod h1:DajmHElDSaX76ITe3/VHVyMin4LWSJN5Z909Wp+ED1A=
github.com/go-api-libs/api v0.0.0-20260927002520-aed87194a77b h1:Ulv8q3ICMrxdwhXJtu1A6pfZLezSR194K9aKP7KLE+4=
github.com/go-api-libs/api v0.0.0-20260927002520-aed87194a77b/go.mod h1:PhJdxE2I04u1TN3QSaTGh4oe/AhrWb50CcfmmjNx1ns=
github.com/go-api-libs/types v0.0.0-20260821232109-0cf45378823e h1:phyqsoQmuYpVxgTPIvqp4khoJ1EnAH3Us0zS7rocNYA=
github.com/go-api-libs/types v0.0.0-20260821232109-0cf45378823e/go.mod h1:z0z6qkZc45AvoRnluq7PkVSlSSF25sT0diJ+vrubYfA=
github.com/go-quicktest/qt v1.102.0 h1:HSQxCeh5YZH3EL3W39ixjtyaEhcWSXQHtHnMBzSs474=
github.com/go-quicktest/qt v1.102.0/go.mod h1:p4lGIVX+8Wa6ZPNDvqcxq36XpUDLh42FLetFU7odllI=
github.com/google/go-cmp v0.7.0 h1:wk8382ETsv4JYUZwIsn6YpYiWiBsYLSJiTsyBybVuN8=
github.com/google/go-cmp v0.7.0/go.mod h1:pXiqmnSA92OHEEa9HXL2W4E7lf9JzCmGVUdgjX3N/iU=
github.com/kr/pretty v0.3.1 h1:flRD4NNwYAUpkphVc1HcthR4KEIFJ65n8Mw5qdRn3LE=
github.com/kr/pretty v0.3.1/go.mod h1:hoEshYVHaxMs3cyo3Yncou5ZscifuDolrwPKZanG3xk=
github.com/kr/text v0.2.0 h1:5Nx0Ya0ZqY2ygV366QzturHI13Jq95ApcVaJBhpS+AY=
github.com/kr/text v0.2.0/go.mod h1:eLer722TekiGuMkidMxC/pM04lWEeraHUUmBw8l2grE=
github.com/rogpeppe/go-internal v1.16.0 h1:O9DK+vNMDVGLr2BeZqmpLeMjiMNkuXfcqntWbZV6S5g=
github.com/rogpeppe/go-internal v1.16.0/go.mod h1:DrUVZyrJU+txYW5/1kwtXQSMFio52ZOxX7yM1VHvnxs=
github.com/spf13/afero v1.15.0 h1:b/YBCLWAJdFWJTN9cLhiXXcD7mzKn9Dm86dNnfyQw1I=
github.com/spf13/afero v1.15.0/go.mod h1:NC2ByUVxtQs4b3sIUphxK0NioZnmxgyCrfzeuq8lxMg=
golang.org/x/exp v0.0.0-20260908205506-85c1c2202aba h1:Ck8QetSgk912qxWLMCKxd0in+aiyBQyDSMae6e/xmpU=
golang.org/x/exp v0.0.0-20260908205506-85c1c2202aba/go.mod h1:50RgIsmK7OwqzTTeqcSXQW8SswW0o8fRcDxmqGluJ8E=
golang.org/x/mod v0.41.0 h1:qJmnOUb4YB+FsEuM3HcWucdZASCPGhsX6uljO6pog0c=
golang.org/x/mod v0.41.0/go.mod h1:Ek9pY8RKWXwsWvd3rQiHYtMqkjSUV+s1Rj7j4H5Ur6o=
golang.org/x/sync v0.23.0 h1:KameEIfc1IkluZyXWLn39Wd4tURc6GbCiISGiZm2bQk=
golang.org/x/sync v0.23.0/go.mod h1:sUUOizhqBxiL6pEWpqNLUiaJn1ShEbZ6BBqskPbjZm0=
golang.org/x/text v0.42.0 h1:JbOZXgfeCPU9gacVtYliJqOhD+zhrEqK4LfdpmlUZqI=
golang.org/x/text v0.42.0/go.mod h1:ojzP1Z+2QtioaF8DTtO8K5q7JWVVYwZKenzujK0Zd0E=
golang.org/x/tools v0.50.0 h1:c2ifzfcuY7L90lZ2aKd8S4K2NpASF08SZx9ZuJkHmSU=
golang.org/x/tools v0.50.0/go.mod h1:7ulVMw3831Mwi5EZD6RomGyffr4VFjuNYXf2BbCEAV0=
gopkg.in/check.v1 v0.0.0-20161208181325-20d25e280405/go.mod h1:Co6ibVJAznAaIkqp8huTwlJQCZ016jof/cbN4VW5Yz0=
gopkg.in/check.v1 v1.0.0-20201130134442-10cb98267c6c h1:Hei/4ADfdWqJk1ZMxUNpqntNwaWcugrBjAiHlqqRiVk=
gopkg.in/check.v1 v1.0.0-20201130134442-10cb98267c6c/go.mod h1:JHkPIbrfpd72SG/EVd6muEfDQjcINNoR0C8j2r3qZ4Q=
gopkg.in/yaml.v3 v3.0.1 h1:fxVm/GzAzEWqLHuvctI91KS9hhNmmWOoWu0XTYJS7CA=
gopkg.in/yaml.v3 v3.0.1/go.mod h1:K4uyk7z7BCEPqu6E+C64Yfv1cQ7kz7rIZviUmN+EgEM=
mvdan.cc/gofumpt v0.12.0 h1:1Lbudkz2kpM9Cjz2pL4M19u7q+GaEhCTNf7N9mfpcho=
mvdan.cc/gofumpt v0.12.0/go.mod h1:SmBHHrljiZu/uoypeKup3rFzP6eoC9UwCp2iH5E3jZA=
