cloud.google.com/go v0.123.0 h1:2NAUJwPR47q+E35uaJeYoNhuNEM9kM8SjgRgdeOJUSE=
cloud.google.com/go v0.123.0/go.mod h1:xBoMV08QcqUGuPW65Qfm1o9Y4zKZBpGS+7bImXLTAZU=
github.com/MarkRosemaker/errpath v0.0.0-20260926134119-30c5b0c3e2df h1:UYzISTkWunLGwPl+Dw9SjjUp8EZKZdIHoVZf8uDp1YY=
github.com/MarkRosemaker/errpath v0.0.0-20260926134119-30c5b0c3e2df/go.mod h1:VnXpUlsS3n1gSToedcQl2FCARGoA16CyitbCanUIv+I=
github.com/MarkRosemaker/json2yaml v0.0.0-20260926134120-afdbdef37e83 h1:LlgEzro+S5VUjdJlhOsuVMy2lkfCcG6rS3apscOGVXM=
github.com/MarkRosemaker/json2yaml v0.0.0-20260926134120-afdbdef37e83/go.mod h1:eUwIjjooIESK1Ymw4bbMdSDF6feAblyZjxyoo5o/W6U=
github.com/MarkRosemaker/jsonutil v0.0.0-20260926134121-b012d46f1013 h1:GCl3t5z94L/eSKKpXCA2pHw1n4scW8zuyDx3uxYbjjA=
github.com/MarkRosemaker/jsonutil v0.0.0-20260926134121-b012d46f1013/go.mod h1:SzjJlgYFlzpbFGvUUoQgfEsWlbai63bvhDPK8J0MNYM=
github.com/MarkRosemaker/openapi v0.0.0-20260926134151-aa1dc08e01a8 h1:ZP+gDhW+e8SKMqIyHrMtpjlF/iPcyBxau+V2cUU06xE=
github.com/MarkRosemaker/openapi v0.0.0-20260926134151-aa1dc08e01a8/go.mod h1:/hFH4BSe8fGO+JLG6mb50SGJYg2Zf83OhMKjIz0rELM=
github.com/MarkRosemaker/openapi-codegen v0.0.0-20260926132321-f33d19664fca h1:E3KFwxH3H+fw6/jnQAq9SEX9S49gt+PIB9tB31cmypM=
github.com/MarkRosemaker/openapi-codegen v0.0.0-20260926132321-f33d19664fca/go.mod h1:9zuEscKkRc+4pqKwqpAdeRuT8lJyNpF6A3jNODZkdHc=
github.com/MarkRosemaker/openapi-compare v0.0.0-20260925152010-e9740f154291 h1:/DOXvmDJApEDzfDyWFqypkPk2hV48Jwx0i3UyGnXToY=
github.com/MarkRosemaker/openapi-compare v0.0.0-20260925152010-e9740f154291/go.mod h1:ZlBatSNfMJCRCbbMHLUb1jGuatwp/ZLsV16t3Kpv84w=
github.com/MarkRosemaker/openapi-compress v0.0.0-20260926131806-749ce16fa84b h1:Sy0NFmefccNsDgkH1vBvCyJ5OyVfzf3wRdhO06SrSm8=
github.com/MarkRosemaker/openapi-compress v0.0.0-20260926131806-749ce16fa84b/go.mod h1:ESlvO6Jf1j1ASKMXNWPQpUqVuE6HI1kiPI5oU0RuQQ0=
github.com/MarkRosemaker/openapi-edit v0.0.0-20260926134224-db131bfe7927 h1:ylYRERu8t32XgYjp/NCJrG7aHtzu+5TGtUTnbsE+16M=
github.com/MarkRosemaker/openapi-edit v0.0.0-20260926134224-db131bfe7927/go.mod h1:QUNiUVJoZ2ItM3m7eLFHmuN87rsX+sVhsJPexGumx8I=
github.com/MarkRosemaker/openapi-enrich v0.0.0-20260926134356-0439ceb415e2 h1:1I+qFeCjpSdsQKBvXc5K3oVoQ1kR/R3ALWpSF9Op7WE=
github.com/MarkRosemaker/openapi-enrich v0.0.0-20260926134356-0439ceb415e2/go.mod h1:WJbDBbGdjdrxuUKsmH6wj7oMJWFZQq3fJ71SJCSA+fE=
github.com/MarkRosemaker/openapi-flatten v0.0.0-20260926121624-04dc1567203b h1:6a2zmxiMhR3TNsoXiKSPgD4KXVAF1c0odeOvMUGSYD0=
github.com/MarkRosemaker/openapi-flatten v0.0.0-20260926121624-04dc1567203b/go.mod h1:conDJkQnVGciK0x4SVAZWhmU8kHJ32UMdF7oD40Qq8M=
github.com/MarkRosemaker/openapi-merge v0.0.0-20260926134224-1f00bac862a9 h1:q0MSVdrik9Qe8ipvy6LH5w0+0bhE0bS760tS1eazHVw=
github.com/MarkRosemaker/openapi-merge v0.0.0-20260926134224-1f00bac862a9/go.mod h1:8LXHf3QJDQPD+T4cQV3NAndpVp3niqUo5496nYzrbj4=
github.com/MarkRosemaker/ordmap v0.0.0-20260926134131-0a5cba52fb2c h1:SBJ6OScRQxOXLwpSHooySc1aLW8XJ7VXTnxEy3DYQv4=
github.com/MarkRosemaker/ordmap v0.0.0-20260926134131-0a5cba52fb2c/go.mod h1:/TcWTf7MpfU4GYTHMq2+D6TjAToJBXqVsLte+HSnJBk=
github.com/MarkRosemaker/yaml v0.0.0-20260926134135-3d095c5e22c2 h1:xM+pkQkTyxkm3hWm/hXSuD7EUXe1z7y68QDOdqoe+/o=
github.com/MarkRosemaker/yaml v0.0.0-20260926134135-3d095c5e22c2/go.mod h1:5rtzzn78UuTK7948ekahKAAHAjB+aPqqfn+EkxHZzU8=
github.com/MarkRosemaker/yaml2json v0.0.0-20260926134120-0d51fb7bd8c1 h1:Ur+GD1Tu6NUNboj87HGS8rjsKOV7zBOA1qaOil5XE0U=
github.com/MarkRosemaker/yaml2json v0.0.0-20260926134120-0d51fb7bd8c1/go.mod h1:DxNA9SDFrzw+RHsnxjIxjUzHy0I4+3hZg7R13u3SBvE=
github.com/ettle/strcase v0.2.0 h1:fGNiVF21fHXpX1niBgk0aROov1LagYsOwV/xqKDKR/Q=
github.com/ettle/strcase v0.2.0/go.mod h1:DajmHElDSaX76ITe3/VHVyMin4LWSJN5Z909Wp+ED1A=
github.com/go-api-libs/api v0.0.0-20260926134121-babf8b5d639d h1:In+BRj7Uf+s0iB/hjYBwnOybyXMOnefllquwRdZ3e+Y=
github.com/go-api-libs/api v0.0.0-20260926134121-babf8b5d639d/go.mod h1:PhJdxE2I04u1TN3QSaTGh4oe/AhrWb50CcfmmjNx1ns=
github.com/go-api-libs/types v0.0.0-20260821232109-0cf45378823e h1:phyqsoQmuYpVxgTPIvqp4khoJ1EnAH3Us0zS7rocNYA=
github.com/go-api-libs/types v0.0.0-20260821232109-0cf45378823e/go.mod h1:z0z6qkZc45AvoRnluq7PkVSlSSF25sT0diJ+vrubYfA=
github.com/go-quicktest/qt v1.102.0 h1:HSQxCeh5YZH3EL3W39ixjtyaEhcWSXQHtHnMBzSs474=
github.com/go-quicktest/qt v1.102.0/go.mod h1:p4lGIVX+8Wa6ZPNDvqcxq36XpUDLh42FLetFU7odllI=
github.com/google/go-cmp v0.7.0 h1:wk8382ETsv4JYUZwIsn6YpYiWiBsYLSJiTsyBybVuN8=
github.com/google/go-cmp v0.7.0/go.mod h1:pXiqmnSA92OHEEa9HXL2W4E7lf9JzCmGVUdgjX3N/iU=
github.com/kr/pretty v0.3.1 h1:flRD4NNwYAUpkphVc1HcthR4KEIFJ65n8Mw5qdRn3LE=
github.com/kr/pretty v0.3.1/go.mod h1:hoEshYVHaxMs3cyo3Yncou5ZscifuDolrwPKZanG3xk=
github.com/kr/text v0.2.0 h1:5Nx0Ya0ZqY2ygV366QzturHI13Jq95ApcVaJBhpS+AY=
github.com/kr/text v0.2.0/go.mod h1:eLer722TekiGuMkidMxC/pM04lWEeraHUUmBw8l2grE=
github.com/rogpeppe/go-internal v1.16.0 h1:O9DK+vNMDVGLr2BeZqmpLeMjiMNkuXfcqntWbZV6S5g=
github.com/rogpeppe/go-internal v1.16.0/go.mod h1:DrUVZyrJU+txYW5/1kwtXQSMFio52ZOxX7yM1VHvnxs=
github.com/spf13/afero v1.15.0 h1:b/YBCLWAJdFWJTN9cLhiXXcD7mzKn9Dm86dNnfyQw1I=
github.com/spf13/afero v1.15.0/go.mod h1:NC2ByUVxtQs4b3sIUphxK0NioZnmxgyCrfzeuq8lxMg=
golang.org/x/exp v0.0.0-20260908205506-85c1c2202aba h1:Ck8QetSgk912qxWLMCKxd0in+aiyBQyDSMae6e/xmpU=
golang.org/x/exp v0.0.0-20260908205506-85c1c2202aba/go.mod h1:50RgIsmK7OwqzTTeqcSXQW8SswW0o8fRcDxmqGluJ8E=
golang.org/x/mod v0.41.0 h1:qJmnOUb4YB+FsEuM3HcWucdZASCPGhsX6uljO6pog0c=
golang.org/x/mod v0.41.0/go.mod h1:Ek9pY8RKWXwsWvd3rQiHYtMqkjSUV+s1Rj7j4H5Ur6o=
golang.org/x/sync v0.23.0 h1:KameEIfc1IkluZyXWLn39Wd4tURc6GbCiISGiZm2bQk=
golang.org/x/sync v0.23.0/go.mod h1:sUUOizhqBxiL6pEWpqNLUiaJn1ShEbZ6BBqskPbjZm0=
golang.org/x/text v0.42.0 h1:JbOZXgfeCPU9gacVtYliJqOhD+zhrEqK4LfdpmlUZqI=
golang.org/x/text v0.42.0/go.mod h1:ojzP1Z+2QtioaF8DTtO8K5q7JWVVYwZKenzujK0Zd0E=
golang.org/x/tools v0.50.0 h1:c2ifzfcuY7L90lZ2aKd8S4K2NpASF08SZx9ZuJkHmSU=
golang.org/x/tools v0.50.0/go.mod h1:7ulVMw3831Mwi5EZD6RomGyffr4VFjuNYXf2BbCEAV0=
gopkg.in/check.v1 v0.0.0-20161208181325-20d25e280405/go.mod h1:Co6ibVJAznAaIkqp8huTwlJQCZ016jof/cbN4VW5Yz0=
gopkg.in/check.v1 v1.0.0-20201130134442-10cb98267c6c h1:Hei/4ADfdWqJk1ZMxUNpqntNwaWcugrBjAiHlqqRiVk=
gopkg.in/check.v1 v1.0.0-20201130134442-10cb98267c6c/go.mod h1:JHkPIbrfpd72SG/EVd6muEfDQjcINNoR0C8j2r3qZ4Q=
gopkg.in/yaml.v3 v3.0.1 h1:fxVm/GzAzEWqLHuvctI91KS9hhNmmWOoWu0XTYJS7CA=
gopkg.in/yaml.v3 v3.0.1/go.mod h1:K4uyk7z7BCEPqu6E+C64Yfv1cQ7kz7rIZviUmN+EgEM=
mvdan.cc/gofumpt v0.12.0 h1:1Lbudkz2kpM9Cjz2pL4M19u7q+GaEhCTNf7N9mfpcho=
mvdan.cc/gofumpt v0.12.0/go.mod h1:SmBHHrljiZu/uoypeKup3rFzP6eoC9UwCp2iH5E3jZA=
